
Microsoft Visual Studio Solution File, Format Version 12.00
# Visual Studio Version 17
VisualStudioVersion = 17.0.31903.59
MinimumVisualStudioVersion = 10.0.40219.1
Project("{2150E333-8FDC-42A3-9474-1A3956D46DE8}") = "src", "src", "{C9D8786F-6E60-4DC3-9819-D576960F8475}"
EndProject
Project("{FAE04EC0-301F-11D3-BF4B-00C04F79EFBC}") = "UFC.ApiWeb", "src\UFC.ApiWeb\UFC.ApiWeb.csproj", "{474216E4-0E7B-4378-87BF-830F14414400}"
EndProject
Global
	GlobalSection(SolutionConfigurationPlatforms) = preSolution
		Debug|Any CPU = Debug|Any CPU
		Release|Any CPU = Release|Any CPU
	EndGlobalSection
	GlobalSection(ProjectConfigurationPlatforms) = postSolution
		{474216E4-0E7B-4378-87BF-830F14414400}.Debug|Any CPU.ActiveCfg = Debug|Any CPU
		{474216E4-0E7B-4378-87BF-830F14414400}.Debug|Any CPU.Build.0 = Debug|Any CPU
		{474216E4-0E7B-4378-87BF-830F14414400}.Release|Any CPU.ActiveCfg = Release|Any CPU
		{474216E4-0E7B-4378-87BF-830F14414400}.Release|Any CPU.Build.0 = Release|Any CPU
	EndGlobalSection
	GlobalSection(SolutionProperties) = preSolution
		HideSolutionNode = FALSE
	EndGlobalSection
	GlobalSection(NestedProjects) = preSolution
		{474216E4-0E7B-4378-87BF-830F14414400} = {C9D8786F-6E60-4DC3-9819-D576960F8475}
	EndGlobalSection
	GlobalSection(ExtensibilityGlobals) = postSolution
		SolutionGuid = {B92B64D5-E478-4232-8C44-BD4BC9ABD31B}
	EndGlobalSection
EndGlobal
